
Microsoft Visual Studio Solution File, Format Version 12.00
# Visual Studio Version 17
VisualStudioVersion = 17.0.31903.59
MinimumVisualStudioVersion = 10.0.40219.1
Project("{FAE04EC0-301F-11D3-BF4B-00C04F79EFBC}") = "ExercicisAmbCSharPractica2.2", "ExercicisAmbCSharPractica2.2.csproj", "{1AB8ECF8-6AC8-4AF0-98DD-4491FCDFC9AD}"
EndProject
Global
	GlobalSection(SolutionConfigurationPlatforms) = preSolution
		Debug|Any CPU = Debug|Any CPU
		Release|Any CPU = Release|Any CPU
	EndGlobalSection
	GlobalSection(ProjectConfigurationPlatforms) = postSolution
		{1AB8ECF8-6AC8-4AF0-98DD-4491FCDFC9AD}.Debug|Any CPU.ActiveCfg = Debug|Any CPU
		{1AB8ECF8-6AC8-4AF0-98DD-4491FCDFC9AD}.Debug|Any CPU.Build.0 = Debug|Any CPU
		{1AB8ECF8-6AC8-4AF0-98DD-4491FCDFC9AD}.Release|Any CPU.ActiveCfg = Release|Any CPU
		{1AB8ECF8-6AC8-4AF0-98DD-4491FCDFC9AD}.Release|Any CPU.Build.0 = Release|Any CPU
	EndGlobalSection
	GlobalSection(SolutionProperties) = preSolution
		HideSolutionNode = FALSE
	EndGlobalSection
	GlobalSection(ExtensibilityGlobals) = postSolution
		SolutionGuid = {0A0CB1F6-CB7D-497C-B616-72E15466E6C5}
	EndGlobalSection
EndGlobal
